
Microsoft Visual Studio Solution File, Format Version 12.00
# Visual Studio Version 16
VisualStudioVersion = 16.0.31507.150
MinimumVisualStudioVersion = 10.0.40219.1
Project("{9A19103F-16F7-4668-BE54-9A1E7A4F7556}") = "Killer", "Killer\Killer.csproj", "{3D492FFF-FBAA-499D-BD64-A2896EC36AE2}"
EndProject
Project("{9A19103F-16F7-4668-BE54-9A1E7A4F7556}") = "Interaction", "Interaction\Interaction.csproj", "{84DA23A9-59DE-45EA-89B5-E1EADDBF6C5D}"
EndProject
Global
	GlobalSection(SolutionConfigurationPlatforms) = preSolution
		Debug|Any CPU = Debug|Any CPU
		Release|Any CPU = Release|Any CPU
	EndGlobalSection
	GlobalSection(ProjectConfigurationPlatforms) = postSolution
		{3D492FFF-FBAA-499D-BD64-A2896EC36AE2}.Debug|Any CPU.ActiveCfg = Debug|Any CPU
		{3D492FFF-FBAA-499D-BD64-A2896EC36AE2}.Debug|Any CPU.Build.0 = Debug|Any CPU
		{3D492FFF-FBAA-499D-BD64-A2896EC36AE2}.Release|Any CPU.ActiveCfg = Release|Any CPU
		{3D492FFF-FBAA-499D-BD64-A2896EC36AE2}.Release|Any CPU.Build.0 = Release|Any CPU
		{84DA23A9-59DE-45EA-89B5-E1EADDBF6C5D}.Debug|Any CPU.ActiveCfg = Debug|Any CPU
		{84DA23A9-59DE-45EA-89B5-E1EADDBF6C5D}.Debug|Any CPU.Build.0 = Debug|Any CPU
		{84DA23A9-59DE-45EA-89B5-E1EADDBF6C5D}.Release|Any CPU.ActiveCfg = Release|Any CPU
		{84DA23A9-59DE-45EA-89B5-E1EADDBF6C5D}.Release|Any CPU.Build.0 = Release|Any CPU
	EndGlobalSection
	GlobalSection(SolutionProperties) = preSolution
		HideSolutionNode = FALSE
	EndGlobalSection
	GlobalSection(ExtensibilityGlobals) = postSolution
		SolutionGuid = {2665E393-D0E2-4999-9D27-D1BEDDE7B9BE}
	EndGlobalSection
EndGlobal
